// !$*UTF8*$!
{
	archiveVersion = 1;
	classes = {
	};
	objectVersion = 51;
	objects = {

/* Begin PBXBuildFile section */
		424DF3C1262D88A20060DB1C /* AppDelegate.swift in Sources */ = {isa = PBXBuildFile; fileRef = 424DF3C0262D88A20060DB1C /* AppDelegate.swift */; };
		424DF3C3262D88A20060DB1C /* SceneDelegate.swift in Sources */ = {isa = PBXBuildFile; fileRef = 424DF3C2262D88A20060DB1C /* SceneDelegate.swift */; };
		424DF3C5262D88A20060DB1C /* ViewController.swift in Sources */ = {isa = PBXBuildFile; fileRef = 424DF3C4262D88A20060DB1C /* ViewController.swift */; };
		424DF3C8262D88A20060DB1C /* Main.storyboard in Resources */ = {isa = PBXBuildFile; fileRef = 424DF3C6262D88A20060DB1C /* Main.storyboard */; };
		424DF3CA262D88A40060DB1C /* Assets.xcassets in Resources */ = {isa = PBXBuildFile; fileRef = 424DF3C9262D88A40060DB1C /* Assets.xcassets */; };
		424DF3CD262D88A40060DB1C /* LaunchScreen.storyboard in Resources */ = {isa = PBXBuildFile; fileRef = 424DF3CB262D88A40060DB1C /* LaunchScreen.storyboard */; };
		645D8A02795472D37DEAB2E3 /* Pods_HelloRxSwift.framework in Frameworks */ = {isa = PBXBuildFile; fileRef = 6C256822069FCA6CA496CE4E /* Pods_HelloRxSwift.framework */; };
/* End PBXBuildFile section */

/* Begin PBXFileReference section */
		424DF3BD262D88A20060DB1C /* HelloRxSwift.app */ = {isa = PBXFileReference; explicitFileType = wrapper.application; includeInIndex = 0; path = HelloRxSwift.app; sourceTree = BUILT_PRODUCTS_DIR; };
		424DF3C0262D88A20060DB1C /* AppDelegate.swift */ = {isa = PBXFileReference; lastKnownFileType = sourcecode.swift; path = AppDelegate.swift; sourceTree = "<group>"; };
		424DF3C2262D88A20060DB1C /* SceneDelegate.swift */ = {isa = PBXFileReference; lastKnownFileType = sourcecode.swift; path = SceneDelegate.swift; sourceTree = "<group>"; };
		424DF3C4262D88A20060DB1C /* ViewController.swift */ = {isa = PBXFileReference; lastKnownFileType = sourcecode.swift; path = ViewController.swift; sourceTree = "<group>"; };
		424DF3C7262D88A20060DB1C /* Base */ = {isa = PBXFileReference; lastKnownFileType = file.storyboard; name = Base; path = Base.lproj/Main.storyboard; sourceTree = "<group>"; };
		424DF3C9262D88A40060DB1C /* Assets.xcassets */ = {isa = PBXFileReference; lastKnownFileType = folder.assetcatalog; path = Assets.xcassets; sourceTree = "<group>"; };
		424DF3CC262D88A40060DB1C /* Base */ = {isa = PBXFileReference; lastKnownFileType = file.storyboard; name = Base; path = Base.lproj/LaunchScreen.storyboard; sourceTree = "<group>"; };
		424DF3CE262D88A40060DB1C /* Info.plist */ = {isa = PBXFileReference; lastKnownFileType = text.plist.xml; path = Info.plist; sourceTree = "<group>"; };
		424DF3DA262D8AB80060DB1C /* RxSwiftPlayground.playground */ = {isa = PBXFileReference; lastKnownFileType = file.playground; path = RxSwiftPlayground.playground; sourceTree = "<group>"; xcLanguageSpecificationIdentifier = xcode.lang.swift; };
		42572563262EF1A900832DEC /* FilteringOperators.playground */ = {isa = PBXFileReference; lastKnownFileType = file.playground; path = FilteringOperators.playground; sourceTree = "<group>"; xcLanguageSpecificationIdentifier = xcode.lang.swift; };
		5825BA1801F0658D4ABC0DA6 /* Pods-HelloRxSwift.debug.xcconfig */ = {isa = PBXFileReference; includeInIndex = 1; lastKnownFileType = text.xcconfig; name = "Pods-HelloRxSwift.debug.xcconfig"; path = "Target Support Files/Pods-HelloRxSwift/Pods-HelloRxSwift.debug.xcconfig"; sourceTree = "<group>"; };
		69F32290CEAC5CD26B8F0D43 /* Pods-HelloRxSwift.release.xcconfig */ = {isa = PBXFileReference; includeInIndex = 1; lastKnownFileType = text.xcconfig; name = "Pods-HelloRxSwift.release.xcconfig"; path = "Target Support Files/Pods-HelloRxSwift/Pods-HelloRxSwift.release.xcconfig"; sourceTree = "<group>"; };
		6C256822069FCA6CA496CE4E /* Pods_HelloRxSwift.framework */ = {isa = PBXFileReference; explicitFileType = wrapper.framework; includeInIndex = 0; path = Pods_HelloRxSwift.framework; sourceTree = BUILT_PRODUCTS_DIR; };
/* End PBXFileReference section */

/* Begin PBXFrameworksBuildPhase section */
		424DF3BA262D88A20060DB1C /* Frameworks */ = {
			isa = PBXFrameworksBuildPhase;
			buildActionMask = 2147483647;
			files = (
				645D8A02795472D37DEAB2E3 /* Pods_HelloRxSwift.framework in Frameworks */,
			);
			runOnlyForDeploymentPostprocessing = 0;
		};
/* End PBXFrameworksBuildPhase section */

/* Begin PBXGroup section */
		424DF3B4262D88A20060DB1C = {
			isa = PBXGroup;
			children = (
				424DF3BF262D88A20060DB1C /* HelloRxSwift */,
				424DF3BE262D88A20060DB1C /* Products */,
				CC8DCB069987548654785675 /* Pods */,
				DD536BC116D4BD8EF2E5EAA8 /* Frameworks */,
			);
			sourceTree = "<group>";
		};
		424DF3BE262D88A20060DB1C /* Products */ = {
			isa = PBXGroup;
			children = (
				424DF3BD262D88A20060DB1C /* HelloRxSwift.app */,
			);
			name = Products;
			sourceTree = "<group>";
		};
		424DF3BF262D88A20060DB1C /* HelloRxSwift */ = {
			isa = PBXGroup;
			children = (
				42572563262EF1A900832DEC /* FilteringOperators.playground */,
				424DF3DA262D8AB80060DB1C /* RxSwiftPlayground.playground */,
				424DF3C0262D88A20060DB1C /* AppDelegate.swift */,
				424DF3C2262D88A20060DB1C /* SceneDelegate.swift */,
				424DF3C4262D88A20060DB1C /* ViewController.swift */,
				424DF3C6262D88A20060DB1C /* Main.storyboard */,
				424DF3C9262D88A40060DB1C /* Assets.xcassets */,
				424DF3CB262D88A40060DB1C /* LaunchScreen.storyboard */,
				424DF3CE262D88A40060DB1C /* Info.plist */,
			);
			path = HelloRxSwift;
			sourceTree = "<group>";
		};
		CC8DCB069987548654785675 /* Pods */ = {
			isa = PBXGroup;
			children = (
				5825BA1801F0658D4ABC0DA6 /* Pods-HelloRxSwift.debug.xcconfig */,
				69F32290CEAC5CD26B8F0D43 /* Pods-HelloRxSwift.release.xcconfig */,
			);
			path = Pods;
			sourceTree = "<group>";
		};
		DD536BC116D4BD8EF2E5EAA8 /* Frameworks */ = {
			isa = PBXGroup;
			children = (
				6C256822069FCA6CA496CE4E /* Pods_HelloRxSwift.framework */,
			);
			name = Frameworks;
			sourceTree = "<group>";
		};
/* End PBXGroup section */

/* Begin PBXNativeTarget section */
		424DF3BC262D88A20060DB1C /* HelloRxSwift */ = {
			isa = PBXNativeTarget;
			buildConfigurationList = 424DF3D1262D88A40060DB1C /* Build configuration list for PBXNativeTarget "HelloRxSwift" */;
			buildPhases = (
				47A3FD61B6CF1ADD6F873B8A /* [CP] Check Pods Manifest.lock */,
				424DF3B9262D88A20060DB1C /* Sources */,
				424DF3BA262D88A20060DB1C /* Frameworks */,
				424DF3BB262D88A20060DB1C /* Resources */,
				FCA22D452F4C22B0851043BB /* [CP] Embed Pods Frameworks */,
			);
			buildRules = (
			);
			dependencies = (
			);
			name = HelloRxSwift;
			productName = HelloRxSwift;
			productReference = 424DF3BD262D88A20060DB1C /* HelloRxSwift.app */;
			productType = "com.apple.product-type.application";
		};
/* End PBXNativeTarget section */

/* Begin PBXProject section */
		424DF3B5262D88A20060DB1C /* Project object */ = {
			isa = PBXProject;
			attributes = {
				LastSwiftUpdateCheck = 1210;
				LastUpgradeCheck = 1210;
				TargetAttributes = {
					424DF3BC262D88A20060DB1C = {
						CreatedOnToolsVersion = 12.1;
					};
				};
			};
			buildConfigurationList = 424DF3B8262D88A20060DB1C /* Build configuration list for PBXProject "HelloRxSwift" */;
			compatibilityVersion = "Xcode 9.3";
			developmentRegion = en;
			hasScannedForEncodings = 0;
			knownRegions = (
				en,
				Base,
			);
			mainGroup = 424DF3B4262D88A20060DB1C;
			productRefGroup = 424DF3BE262D88A20060DB1C /* Products */;
			projectDirPath = "";
			projectRoot = "";
			targets = (
				424DF3BC262D88A20060DB1C /* HelloRxSwift */,
			);
		};
/* End PBXProject section */

/* Begin PBXResourcesBuildPhase section */
		424DF3BB262D88A20060DB1C /* Resources */ = {
			isa = PBXResourcesBuildPhase;
			buildActionMask = 2147483647;
			files = (
				424DF3CD262D88A40060DB1C /* LaunchScreen.storyboard in Resources */,
				424DF3CA262D88A40060DB1C /* Assets.xcassets in Resources */,
				424DF3C8262D88A20060DB1C /* Main.storyboard in Resources */,
			);
			runOnlyForDeploymentPostprocessing = 0;
		};
/* End PBXResourcesBuildPhase section */

/* Begin PBXShellScriptBuildPhase section */
		47A3FD61B6CF1ADD6F873B8A /* [CP] Check Pods Manifest.lock */ = {
			isa = PBXShellScriptBuildPhase;
			buildActionMask = 2147483647;
			files = (
			);
			inputFileListPaths = (
			);
			inputPaths = (
				"${PODS_PODFILE_DIR_PATH}/Podfile.lock",
				"${PODS_ROOT}/Manifest.lock",
			);
			name = "[CP] Check Pods Manifest.lock";
			outputFileListPaths = (
			);
			outputPaths = (
				"$(DERIVED_FILE_DIR)/Pods-HelloRxSwift-checkManifestLockResult.txt",
			);
			runOnlyForDeploymentPostprocessing = 0;
			shellPath = /bin/sh;
			shellScript = "diff \"${PODS_PODFILE_DIR_PATH}/Podfile.lock\" \"${PODS_ROOT}/Manifest.lock\" > /dev/null\nif [ $? != 0 ] ; then\n    # print error to STDERR\n    echo \"error: The sandbox is not in sync with the Podfile.lock. Run 'pod install' or update your CocoaPods installation.\" >&2\n    exit 1\nfi\n# This output is used by Xcode 'outputs' to avoid re-running this script phase.\necho \"SUCCESS\" > \"${SCRIPT_OUTPUT_FILE_0}\"\n";
			showEnvVarsInLog = 0;
		};
		FCA22D452F4C22B0851043BB /* [CP] Embed Pods Frameworks */ = {
			isa = PBXShellScriptBuildPhase;
			buildActionMask = 2147483647;
			files = (
			);
			inputFileListPaths = (
				"${PODS_ROOT}/Target Support Files/Pods-HelloRxSwift/Pods-HelloRxSwift-frameworks-${CONFIGURATION}-input-files.xcfilelist",
			);
			name = "[CP] Embed Pods Frameworks";
			outputFileListPaths = (
				"${PODS_ROOT}/Target Support Files/Pods-HelloRxSwift/Pods-HelloRxSwift-frameworks-${CONFIGURATION}-output-files.xcfilelist",
			);
			runOnlyForDeploymentPostprocessing = 0;
			shellPath = /bin/sh;
			shellScript = "\"${PODS_ROOT}/Target Support Files/Pods-HelloRxSwift/Pods-HelloRxSwift-frameworks.sh\"\n";
			showEnvVarsInLog = 0;
		};
/* End PBXShellScriptBuildPhase section */

/* Begin PBXSourcesBuildPhase section */
		424DF3B9262D88A20060DB1C /* Sources */ = {
			isa = PBXSourcesBuildPhase;
			buildActionMask = 2147483647;
			files = (
				424DF3C5262D88A20060DB1C /* ViewController.swift in Sources */,
				424DF3C1262D88A20060DB1C /* AppDelegate.swift in Sources */,
				424DF3C3262D88A20060DB1C /* SceneDelegate.swift in Sources */,
			);
			runOnlyForDeploymentPostprocessing = 0;
		};
/* End PBXSourcesBuildPhase section */

/* Begin PBXVariantGroup section */
		424DF3C6262D88A20060DB1C /* Main.storyboard */ = {
			isa = PBXVariantGroup;
			children = (
				424DF3C7262D88A20060DB1C /* Base */,
			);
			name = Main.storyboard;
			sourceTree = "<group>";
		};
		424DF3CB262D88A40060DB1C /* LaunchScreen.storyboard */ = {
			isa = PBXVariantGroup;
			children = (
				424DF3CC262D88A40060DB1C /* Base */,
			);
			name = LaunchScreen.storyboard;
			sourceTree = "<group>";
		};
/* End PBXVariantGroup section */

/* Begin XCBuildConfiguration section */
		424DF3CF262D88A40060DB1C /* Debug */ = {
			isa = XCBuildConfiguration;
			buildSettings = {
				ALWAYS_SEARCH_USER_PATHS = NO;
				CLANG_ANALYZER_NONNULL = YES;
				CLANG_ANALYZER_NUMBER_OBJECT_CONVERSION = YES_AGGRESSIVE;
				CLANG_CXX_LANGUAGE_STANDARD = "gnu++14";
				CLANG_CXX_LIBRARY = "libc++";
				CLANG_ENABLE_MODULES = YES;
				CLANG_ENABLE_OBJC_ARC = YES;
				CLANG_ENABLE_OBJC_WEAK = YES;
				CLANG_WARN_BLOCK_CAPTURE_AUTORELEASING = YES;
				CLANG_WARN_BOOL_CONVERSION = YES;
				CLANG_WARN_COMMA = YES;
				CLANG_WARN_CONSTANT_CONVERSION = YES;
				CLANG_WARN_DEPRECATED_OBJC_IMPLEMENTATIONS = YES;
				CLANG_WARN_DIRECT_OBJC_ISA_USAGE = YES_ERROR;
				CLANG_WARN_DOCUMENTATION_COMMENTS = YES;
				CLANG_WARN_EMPTY_BODY = YES;
				CLANG_WARN_ENUM_CONVERSION = YES;
				CLANG_WARN_INFINITE_RECURSION = YES;
				CLANG_WARN_INT_CONVERSION = YES;
				CLANG_WARN_NON_LITERAL_NULL_CONVERSION = YES;
				CLANG_WARN_OBJC_IMPLICIT_RETAIN_SELF = YES;
				CLANG_WARN_OBJC_LITERAL_CONVERSION = YES;
				CLANG_WARN_OBJC_ROOT_CLASS = YES_ERROR;
				CLANG_WARN_QUOTED_INCLUDE_IN_FRAMEWORK_HEADER = YES;
				CLANG_WARN_RANGE_LOOP_ANALYSIS = YES;
				CLANG_WARN_STRICT_PROTOTYPES = YES;
				CLANG_WARN_SUSPICIOUS_MOVE = YES;
				CLANG_WARN_UNGUARDED_AVAILABILITY = YES_AGGRESSIVE;
				CLANG_WARN_UNREACHABLE_CODE = YES;
				CLANG_WARN__DUPLICATE_METHOD_MATCH = YES;
				COPY_PHASE_STRIP = NO;
				DEBUG_INFORMATION_FORMAT = dwarf;
				ENABLE_STRICT_OBJC_MSGSEND = YES;
				ENABLE_TESTABILITY = YES;
				GCC_C_LANGUAGE_STANDARD = gnu11;
				GCC_DYNAMIC_NO_PIC = NO;
				GCC_NO_COMMON_BLOCKS = YES;
				GCC_OPTIMIZATION_LEVEL = 0;
				GCC_PREPROCESSOR_DEFINITIONS = (
					"DEBUG=1",
					"$(inherited)",
				);
				GCC_WARN_64_TO_32_BIT_CONVERSION = YES;
				GCC_WARN_ABOUT_RETURN_TYPE = YES_ERROR;
				GCC_WARN_UNDECLARED_SELECTOR = YES;
				GCC_WARN_UNINITIALIZED_AUTOS = YES_AGGRESSIVE;
				GCC_WARN_UNUSED_FUNCTION = YES;
				GCC_WARN_UNUSED_VARIABLE = YES;
				IPHONEOS_DEPLOYMENT_TARGET = 14.1;
				MTL_ENABLE_DEBUG_INFO = INCLUDE_SOURCE;
				MTL_FAST_MATH = YES;
				ONLY_ACTIVE_ARCH = YES;
				SDKROOT = iphoneos;
				SWIFT_ACTIVE_COMPILATION_CONDITIONS = DEBUG;
				SWIFT_OPTIMIZATION_LEVEL = "-Onone";
			};
			name = Debug;
		};
		424DF3D0262D88A40060DB1C /* Release */ = {
			isa = XCBuildConfiguration;
			buildSettings = {
				ALWAYS_SEARCH_USER_PATHS = NO;
				CLANG_ANALYZER_NONNULL = YES;
				CLANG_ANALYZER_NUMBER_OBJECT_CONVERSION = YES_AGGRESSIVE;
				CLANG_CXX_LANGUAGE_STANDARD = "gnu++14";
				CLANG_CXX_LIBRARY = "libc++";
				CLANG_ENABLE_MODULES = YES;
				CLANG_ENABLE_OBJC_ARC = YES;
				CLANG_ENABLE_OBJC_WEAK = YES;
				CLANG_WARN_BLOCK_CAPTURE_AUTORELEASING = YES;
				CLANG_WARN_BOOL_CONVERSION = YES;
				CLANG_WARN_COMMA = YES;
				CLANG_WARN_CONSTANT_CONVERSION = YES;
				CLANG_WARN_DEPRECATED_OBJC_IMPLEMENTATIONS = YES;
				CLANG_WARN_DIRECT_OBJC_ISA_USAGE = YES_ERROR;
				CLANG_WARN_DOCUMENTATION_COMMENTS = YES;
				CLANG_WARN_EMPTY_BODY = YES;
				CLANG_WARN_ENUM_CONVERSION = YES;
				CLANG_WARN_INFINITE_RECURSION = YES;
				CLANG_WARN_INT_CONVERSION = YES;
				CLANG_WARN_NON_LITERAL_NULL_CONVERSION = YES;
				CLANG_WARN_OBJC_IMPLICIT_RETAIN_SELF = YES;
				CLANG_WARN_OBJC_LITERAL_CONVERSION = YES;
				CLANG_WARN_OBJC_ROOT_CLASS = YES_ERROR;
				CLANG_WARN_QUOTED_INCLUDE_IN_FRAMEWORK_HEADER = YES;
				CLANG_WARN_RANGE_LOOP_ANALYSIS = YES;
				CLANG_WARN_STRICT_PROTOTYPES = YES;
				CLANG_WARN_SUSPICIOUS_MOVE = YES;
				CLANG_WARN_UNGUARDED_AVAILABILITY = YES_AGGRESSIVE;
				CLANG_WARN_UNREACHABLE_CODE = YES;
				CLANG_WARN__DUPLICATE_METHOD_MATCH = YES;
				COPY_PHASE_STRIP = NO;
				DEBUG_INFORMATION_FORMAT = "dwarf-with-dsym";
				ENABLE_NS_ASSERTIONS = NO;
				ENABLE_STRICT_OBJC_MSGSEND = YES;
				GCC_C_LANGUAGE_STANDARD = gnu11;
				GCC_NO_COMMON_BLOCKS = YES;
				GCC_WARN_64_TO_32_BIT_CONVERSION = YES;
				GCC_WARN_ABOUT_RETURN_TYPE = YES_ERROR;
				GCC_WARN_UNDECLARED_SELECTOR = YES;
				GCC_WARN_UNINITIALIZED_AUTOS = YES_AGGRESSIVE;
				GCC_WARN_UNUSED_FUNCTION = YES;
				GCC_WARN_UNUSED_VARIABLE = YES;
				IPHONEOS_DEPLOYMENT_TARGET = 14.1;
				MTL_ENABLE_DEBUG_INFO = NO;
				MTL_FAST_MATH = YES;
				SDKROOT = iphoneos;
				SWIFT_COMPILATION_MODE = wholemodule;
				SWIFT_OPTIMIZATION_LEVEL = "-O";
				VALIDATE_PRODUCT = YES;
			};
			name = Release;
		};
		424DF3D2262D88A40060DB1C /* Debug */ = {
			isa = XCBuildConfiguration;
			baseConfigurationReference = 5825BA1801F0658D4ABC0DA6 /* Pods-HelloRxSwift.debug.xcconfig */;
			buildSettings = {
				ASSETCATALOG_COMPILER_APPICON_NAME = AppIcon;
				ASSETCATALOG_COMPILER_GLOBAL_ACCENT_COLOR_NAME = AccentColor;
				CODE_SIGN_STYLE = Automatic;
				INFOPLIST_FILE = HelloRxSwift/Info.plist;
				LD_RUNPATH_SEARCH_PATHS = (
					"$(inherited)",
					"@executable_path/Frameworks",
				);
				PRODUCT_BUNDLE_IDENTIFIER = thapakorn604.HelloRxSwift;
				PRODUCT_NAME = "$(TARGET_NAME)";
				SWIFT_VERSION = 5.0;
				TARGETED_DEVICE_FAMILY = "1,2";
			};
			name = Debug;
		};
		424DF3D3262D88A40060DB1C /* Release */ = {
			isa = XCBuildConfiguration;
			baseConfigurationReference = 69F32290CEAC5CD26B8F0D43 /* Pods-HelloRxSwift.release.xcconfig */;
			buildSettings = {
				ASSETCATALOG_COMPILER_APPICON_NAME = AppIcon;
				ASSETCATALOG_COMPILER_GLOBAL_ACCENT_COLOR_NAME = AccentColor;
				CODE_SIGN_STYLE = Automatic;
				INFOPLIST_FILE = HelloRxSwift/Info.plist;
				LD_RUNPATH_SEARCH_PATHS = (
					"$(inherited)",
					"@executable_path/Frameworks",
				);
				PRODUCT_BUNDLE_IDENTIFIER = thapakorn604.HelloRxSwift;
				PRODUCT_NAME = "$(TARGET_NAME)";
				SWIFT_VERSION = 5.0;
				TARGETED_DEVICE_FAMILY = "1,2";
			};
			name = Release;
		};
/* End XCBuildConfiguration section */

/* Begin XCConfigurationList section */
		424DF3B8262D88A20060DB1C /* Build configuration list for PBXProject "HelloRxSwift" */ = {
			isa = XCConfigurationList;
			buildConfigurations = (
				424DF3CF262D88A40060DB1C /* Debug */,
				424DF3D0262D88A40060DB1C /* Release */,
			);
			defaultConfigurationIsVisible = 0;
			defaultConfigurationName = Release;
		};
		424DF3D1262D88A40060DB1C /* Build configuration list for PBXNativeTarget "HelloRxSwift" */ = {
			isa = XCConfigurationList;
			buildConfigurations = (
				424DF3D2262D88A40060DB1C /* Debug */,
				424DF3D3262D88A40060DB1C /* Release */,
			);
			defaultConfigurationIsVisible = 0;
			defaultConfigurationName = Release;
		};
/* End XCConfigurationList section */
	};
	rootObject = 424DF3B5262D88A20060DB1C /* Project object */;
}
