// !$*UTF8*$!
{
	archiveVersion = 1;
	classes = {
	};
	objectVersion = 51;
	objects = {

/* Begin PBXBuildFile section */
		4261B1C9261AEF8200A35EFE /* AppDelegate.swift in Sources */ = {isa = PBXBuildFile; fileRef = 4261B1C8261AEF8200A35EFE /* AppDelegate.swift */; };
		4261B1CB261AEF8200A35EFE /* SceneDelegate.swift in Sources */ = {isa = PBXBuildFile; fileRef = 4261B1CA261AEF8200A35EFE /* SceneDelegate.swift */; };
		4261B1D0261AEF8200A35EFE /* Main.storyboard in Resources */ = {isa = PBXBuildFile; fileRef = 4261B1CE261AEF8200A35EFE /* Main.storyboard */; };
		4261B1D2261AEF8200A35EFE /* Assets.xcassets in Resources */ = {isa = PBXBuildFile; fileRef = 4261B1D1261AEF8200A35EFE /* Assets.xcassets */; };
		4261B1D5261AEF8200A35EFE /* LaunchScreen.storyboard in Resources */ = {isa = PBXBuildFile; fileRef = 4261B1D3261AEF8200A35EFE /* LaunchScreen.storyboard */; };
		4261B1E0261AEF8300A35EFE /* UserProfileTests.swift in Sources */ = {isa = PBXBuildFile; fileRef = 4261B1DF261AEF8300A35EFE /* UserProfileTests.swift */; };
		4261B1EB261AEF8300A35EFE /* UserProfileUITests.swift in Sources */ = {isa = PBXBuildFile; fileRef = 4261B1EA261AEF8300A35EFE /* UserProfileUITests.swift */; };
		4261B22E261B0D8100A35EFE /* Networkable.swift in Sources */ = {isa = PBXBuildFile; fileRef = 4261B22D261B0D8100A35EFE /* Networkable.swift */; };
		4261B233261B0F5200A35EFE /* Requestable.swift in Sources */ = {isa = PBXBuildFile; fileRef = 4261B232261B0F5200A35EFE /* Requestable.swift */; };
		4261B251261B1C6200A35EFE /* AppScene.swift in Sources */ = {isa = PBXBuildFile; fileRef = 4261B250261B1C6200A35EFE /* AppScene.swift */; };
		4261B259261B1CCF00A35EFE /* SceneProtocol.swift in Sources */ = {isa = PBXBuildFile; fileRef = 4261B258261B1CCF00A35EFE /* SceneProtocol.swift */; };
		4261B264261B241300A35EFE /* BaseViewController.swift in Sources */ = {isa = PBXBuildFile; fileRef = 4261B263261B241300A35EFE /* BaseViewController.swift */; };
		4261B269261B283D00A35EFE /* Profile.swift in Sources */ = {isa = PBXBuildFile; fileRef = 4261B268261B283D00A35EFE /* Profile.swift */; };
		4261B271261B29B100A35EFE /* Repositories.swift in Sources */ = {isa = PBXBuildFile; fileRef = 4261B270261B29B100A35EFE /* Repositories.swift */; };
		4261B276261CB33E00A35EFE /* ProfileUseCaseDomain.swift in Sources */ = {isa = PBXBuildFile; fileRef = 4261B275261CB33E00A35EFE /* ProfileUseCaseDomain.swift */; };
		4261B282261CB59800A35EFE /* ProfileUseCase.swift in Sources */ = {isa = PBXBuildFile; fileRef = 4261B281261CB59800A35EFE /* ProfileUseCase.swift */; };
		42970B6F261D6420007369FD /* ProfileViewModel.swift in Sources */ = {isa = PBXBuildFile; fileRef = 42970B6E261D6420007369FD /* ProfileViewModel.swift */; };
		42970B74261D67AC007369FD /* ProfileViewController.swift in Sources */ = {isa = PBXBuildFile; fileRef = 42970B73261D67AC007369FD /* ProfileViewController.swift */; };
		42970B96261D7199007369FD /* RepositoryCell.swift in Sources */ = {isa = PBXBuildFile; fileRef = 42970B94261D7199007369FD /* RepositoryCell.swift */; };
		42970B97261D7199007369FD /* RepositoryCell.xib in Resources */ = {isa = PBXBuildFile; fileRef = 42970B95261D7199007369FD /* RepositoryCell.xib */; };
		42970B9C261D7214007369FD /* RepositoryViewModel.swift in Sources */ = {isa = PBXBuildFile; fileRef = 42970B9B261D7214007369FD /* RepositoryViewModel.swift */; };
		42970BA1261D75C8007369FD /* NumberFormatter.swift in Sources */ = {isa = PBXBuildFile; fileRef = 42970BA0261D75C8007369FD /* NumberFormatter.swift */; };
		42970BAF261D99F4007369FD /* ProfileUseCaseProviderDomain.swift in Sources */ = {isa = PBXBuildFile; fileRef = 42970BAE261D99F4007369FD /* ProfileUseCaseProviderDomain.swift */; };
		42970BB4261D9A77007369FD /* ProfileUseCaseProvider.swift in Sources */ = {isa = PBXBuildFile; fileRef = 42970BB3261D9A77007369FD /* ProfileUseCaseProvider.swift */; };
		42970BC5261DA5AE007369FD /* AppMaker.swift in Sources */ = {isa = PBXBuildFile; fileRef = 42970BC4261DA5AE007369FD /* AppMaker.swift */; };
		42AE4127261EDFB0007F7970 /* ProfileInfoViewModel.swift in Sources */ = {isa = PBXBuildFile; fileRef = 42AE4126261EDFB0007F7970 /* ProfileInfoViewModel.swift */; };
		42AE412D261F0666007F7970 /* Storyboard.swift in Sources */ = {isa = PBXBuildFile; fileRef = 42AE412C261F0666007F7970 /* Storyboard.swift */; };
		42AE4132261F068A007F7970 /* TableViews.swift in Sources */ = {isa = PBXBuildFile; fileRef = 42AE4131261F068A007F7970 /* TableViews.swift */; };
		42AE4137261F06A7007F7970 /* ViewControllers.swift in Sources */ = {isa = PBXBuildFile; fileRef = 42AE4136261F06A7007F7970 /* ViewControllers.swift */; };
		42AE413C261F06B5007F7970 /* Views.swift in Sources */ = {isa = PBXBuildFile; fileRef = 42AE413B261F06B5007F7970 /* Views.swift */; };
		42AE4141261F1AC1007F7970 /* UIViewController+Extension.swift in Sources */ = {isa = PBXBuildFile; fileRef = 42AE4140261F1AC1007F7970 /* UIViewController+Extension.swift */; };
		42AE4146261F1B41007F7970 /* Coordinator.swift in Sources */ = {isa = PBXBuildFile; fileRef = 42AE4145261F1B41007F7970 /* Coordinator.swift */; };
		42D5F00D261CC25A00BE53C0 /* UIImageView+Extension.swift in Sources */ = {isa = PBXBuildFile; fileRef = 42D5F00C261CC25A00BE53C0 /* UIImageView+Extension.swift */; };
		7FC2C57999A387B98E61CCA7 /* Pods_UserProfile_UserProfileUITests.framework in Frameworks */ = {isa = PBXBuildFile; fileRef = CA727148900B0AF866E74C23 /* Pods_UserProfile_UserProfileUITests.framework */; };
		B3363F5CDAF59602CED573E8 /* Pods_UserProfile.framework in Frameworks */ = {isa = PBXBuildFile; fileRef = F54D1DDFE97417EACA01D7B3 /* Pods_UserProfile.framework */; };
		F00AFACD2DED342CCE6C9A81 /* Pods_UserProfileTests.framework in Frameworks */ = {isa = PBXBuildFile; fileRef = 9BED7D5EC07D4779170D3E7C /* Pods_UserProfileTests.framework */; };
/* End PBXBuildFile section */

/* Begin PBXContainerItemProxy section */
		4261B1DC261AEF8300A35EFE /* PBXContainerItemProxy */ = {
			isa = PBXContainerItemProxy;
			containerPortal = 4261B1BD261AEF8200A35EFE /* Project object */;
			proxyType = 1;
			remoteGlobalIDString = 4261B1C4261AEF8200A35EFE;
			remoteInfo = UserProfile;
		};
		4261B1E7261AEF8300A35EFE /* PBXContainerItemProxy */ = {
			isa = PBXContainerItemProxy;
			containerPortal = 4261B1BD261AEF8200A35EFE /* Project object */;
			proxyType = 1;
			remoteGlobalIDString = 4261B1C4261AEF8200A35EFE;
			remoteInfo = UserProfile;
		};
/* End PBXContainerItemProxy section */

/* Begin PBXFileReference section */
		077D4C2EC314755E2A265174 /* Pods-UserProfile-UserProfileUITests.release.xcconfig */ = {isa = PBXFileReference; includeInIndex = 1; lastKnownFileType = text.xcconfig; name = "Pods-UserProfile-UserProfileUITests.release.xcconfig"; path = "Target Support Files/Pods-UserProfile-UserProfileUITests/Pods-UserProfile-UserProfileUITests.release.xcconfig"; sourceTree = "<group>"; };
		4261B1C5261AEF8200A35EFE /* UserProfile.app */ = {isa = PBXFileReference; explicitFileType = wrapper.application; includeInIndex = 0; path = UserProfile.app; sourceTree = BUILT_PRODUCTS_DIR; };
		4261B1C8261AEF8200A35EFE /* AppDelegate.swift */ = {isa = PBXFileReference; lastKnownFileType = sourcecode.swift; path = AppDelegate.swift; sourceTree = "<group>"; };
		4261B1CA261AEF8200A35EFE /* SceneDelegate.swift */ = {isa = PBXFileReference; lastKnownFileType = sourcecode.swift; path = SceneDelegate.swift; sourceTree = "<group>"; };
		4261B1CF261AEF8200A35EFE /* Base */ = {isa = PBXFileReference; lastKnownFileType = file.storyboard; name = Base; path = Base.lproj/Main.storyboard; sourceTree = "<group>"; };
		4261B1D1261AEF8200A35EFE /* Assets.xcassets */ = {isa = PBXFileReference; lastKnownFileType = folder.assetcatalog; path = Assets.xcassets; sourceTree = "<group>"; };
		4261B1D4261AEF8200A35EFE /* Base */ = {isa = PBXFileReference; lastKnownFileType = file.storyboard; name = Base; path = Base.lproj/LaunchScreen.storyboard; sourceTree = "<group>"; };
		4261B1D6261AEF8200A35EFE /* Info.plist */ = {isa = PBXFileReference; lastKnownFileType = text.plist.xml; path = Info.plist; sourceTree = "<group>"; };
		4261B1DB261AEF8300A35EFE /* UserProfileTests.xctest */ = {isa = PBXFileReference; explicitFileType = wrapper.cfbundle; includeInIndex = 0; path = UserProfileTests.xctest; sourceTree = BUILT_PRODUCTS_DIR; };
		4261B1DF261AEF8300A35EFE /* UserProfileTests.swift */ = {isa = PBXFileReference; lastKnownFileType = sourcecode.swift; path = UserProfileTests.swift; sourceTree = "<group>"; };
		4261B1E1261AEF8300A35EFE /* Info.plist */ = {isa = PBXFileReference; lastKnownFileType = text.plist.xml; path = Info.plist; sourceTree = "<group>"; };
		4261B1E6261AEF8300A35EFE /* UserProfileUITests.xctest */ = {isa = PBXFileReference; explicitFileType = wrapper.cfbundle; includeInIndex = 0; path = UserProfileUITests.xctest; sourceTree = BUILT_PRODUCTS_DIR; };
		4261B1EA261AEF8300A35EFE /* UserProfileUITests.swift */ = {isa = PBXFileReference; lastKnownFileType = sourcecode.swift; path = UserProfileUITests.swift; sourceTree = "<group>"; };
		4261B1EC261AEF8300A35EFE /* Info.plist */ = {isa = PBXFileReference; lastKnownFileType = text.plist.xml; path = Info.plist; sourceTree = "<group>"; };
		4261B22D261B0D8100A35EFE /* Networkable.swift */ = {isa = PBXFileReference; lastKnownFileType = sourcecode.swift; path = Networkable.swift; sourceTree = "<group>"; };
		4261B232261B0F5200A35EFE /* Requestable.swift */ = {isa = PBXFileReference; lastKnownFileType = sourcecode.swift; path = Requestable.swift; sourceTree = "<group>"; };
		4261B250261B1C6200A35EFE /* AppScene.swift */ = {isa = PBXFileReference; lastKnownFileType = sourcecode.swift; path = AppScene.swift; sourceTree = "<group>"; };
		4261B258261B1CCF00A35EFE /* SceneProtocol.swift */ = {isa = PBXFileReference; lastKnownFileType = sourcecode.swift; path = SceneProtocol.swift; sourceTree = "<group>"; };
		4261B263261B241300A35EFE /* BaseViewController.swift */ = {isa = PBXFileReference; lastKnownFileType = sourcecode.swift; path = BaseViewController.swift; sourceTree = "<group>"; };
		4261B268261B283D00A35EFE /* Profile.swift */ = {isa = PBXFileReference; lastKnownFileType = sourcecode.swift; path = Profile.swift; sourceTree = "<group>"; };
		4261B270261B29B100A35EFE /* Repositories.swift */ = {isa = PBXFileReference; lastKnownFileType = sourcecode.swift; path = Repositories.swift; sourceTree = "<group>"; };
		4261B275261CB33E00A35EFE /* ProfileUseCaseDomain.swift */ = {isa = PBXFileReference; lastKnownFileType = sourcecode.swift; path = ProfileUseCaseDomain.swift; sourceTree = "<group>"; };
		4261B281261CB59800A35EFE /* ProfileUseCase.swift */ = {isa = PBXFileReference; lastKnownFileType = sourcecode.swift; path = ProfileUseCase.swift; sourceTree = "<group>"; };
		42970B6E261D6420007369FD /* ProfileViewModel.swift */ = {isa = PBXFileReference; lastKnownFileType = sourcecode.swift; path = ProfileViewModel.swift; sourceTree = "<group>"; };
		42970B73261D67AC007369FD /* ProfileViewController.swift */ = {isa = PBXFileReference; lastKnownFileType = sourcecode.swift; path = ProfileViewController.swift; sourceTree = "<group>"; };
		42970B94261D7199007369FD /* RepositoryCell.swift */ = {isa = PBXFileReference; lastKnownFileType = sourcecode.swift; path = RepositoryCell.swift; sourceTree = "<group>"; };
		42970B95261D7199007369FD /* RepositoryCell.xib */ = {isa = PBXFileReference; lastKnownFileType = file.xib; path = RepositoryCell.xib; sourceTree = "<group>"; };
		42970B9B261D7214007369FD /* RepositoryViewModel.swift */ = {isa = PBXFileReference; lastKnownFileType = sourcecode.swift; path = RepositoryViewModel.swift; sourceTree = "<group>"; };
		42970BA0261D75C8007369FD /* NumberFormatter.swift */ = {isa = PBXFileReference; lastKnownFileType = sourcecode.swift; path = NumberFormatter.swift; sourceTree = "<group>"; };
		42970BAE261D99F4007369FD /* ProfileUseCaseProviderDomain.swift */ = {isa = PBXFileReference; lastKnownFileType = sourcecode.swift; path = ProfileUseCaseProviderDomain.swift; sourceTree = "<group>"; };
		42970BB3261D9A77007369FD /* ProfileUseCaseProvider.swift */ = {isa = PBXFileReference; lastKnownFileType = sourcecode.swift; path = ProfileUseCaseProvider.swift; sourceTree = "<group>"; };
		42970BC4261DA5AE007369FD /* AppMaker.swift */ = {isa = PBXFileReference; lastKnownFileType = sourcecode.swift; path = AppMaker.swift; sourceTree = "<group>"; };
		42AE4126261EDFB0007F7970 /* ProfileInfoViewModel.swift */ = {isa = PBXFileReference; lastKnownFileType = sourcecode.swift; path = ProfileInfoViewModel.swift; sourceTree = "<group>"; };
		42AE412C261F0666007F7970 /* Storyboard.swift */ = {isa = PBXFileReference; lastKnownFileType = sourcecode.swift; path = Storyboard.swift; sourceTree = "<group>"; };
		42AE4131261F068A007F7970 /* TableViews.swift */ = {isa = PBXFileReference; lastKnownFileType = sourcecode.swift; path = TableViews.swift; sourceTree = "<group>"; };
		42AE4136261F06A7007F7970 /* ViewControllers.swift */ = {isa = PBXFileReference; lastKnownFileType = sourcecode.swift; path = ViewControllers.swift; sourceTree = "<group>"; };
		42AE413B261F06B5007F7970 /* Views.swift */ = {isa = PBXFileReference; lastKnownFileType = sourcecode.swift; path = Views.swift; sourceTree = "<group>"; };
		42AE4140261F1AC1007F7970 /* UIViewController+Extension.swift */ = {isa = PBXFileReference; lastKnownFileType = sourcecode.swift; path = "UIViewController+Extension.swift"; sourceTree = "<group>"; };
		42AE4145261F1B41007F7970 /* Coordinator.swift */ = {isa = PBXFileReference; lastKnownFileType = sourcecode.swift; path = Coordinator.swift; sourceTree = "<group>"; };
		42D5F00C261CC25A00BE53C0 /* UIImageView+Extension.swift */ = {isa = PBXFileReference; lastKnownFileType = sourcecode.swift; path = "UIImageView+Extension.swift"; sourceTree = "<group>"; };
		55C7B59EC8AD0A6C5BD2C8A2 /* Pods-UserProfile.release.xcconfig */ = {isa = PBXFileReference; includeInIndex = 1; lastKnownFileType = text.xcconfig; name = "Pods-UserProfile.release.xcconfig"; path = "Target Support Files/Pods-UserProfile/Pods-UserProfile.release.xcconfig"; sourceTree = "<group>"; };
		89FAFEE46A9A9013D793D13B /* Pods-UserProfileTests.release.xcconfig */ = {isa = PBXFileReference; includeInIndex = 1; lastKnownFileType = text.xcconfig; name = "Pods-UserProfileTests.release.xcconfig"; path = "Target Support Files/Pods-UserProfileTests/Pods-UserProfileTests.release.xcconfig"; sourceTree = "<group>"; };
		8C96C6BBA460BCAF6FC44FC1 /* Pods-UserProfile-UserProfileUITests.debug.xcconfig */ = {isa = PBXFileReference; includeInIndex = 1; lastKnownFileType = text.xcconfig; name = "Pods-UserProfile-UserProfileUITests.debug.xcconfig"; path = "Target Support Files/Pods-UserProfile-UserProfileUITests/Pods-UserProfile-UserProfileUITests.debug.xcconfig"; sourceTree = "<group>"; };
		9BED7D5EC07D4779170D3E7C /* Pods_UserProfileTests.framework */ = {isa = PBXFileReference; explicitFileType = wrapper.framework; includeInIndex = 0; path = Pods_UserProfileTests.framework; sourceTree = BUILT_PRODUCTS_DIR; };
		A51B8265199DB2E99194B359 /* Pods-UserProfileTests.debug.xcconfig */ = {isa = PBXFileReference; includeInIndex = 1; lastKnownFileType = text.xcconfig; name = "Pods-UserProfileTests.debug.xcconfig"; path = "Target Support Files/Pods-UserProfileTests/Pods-UserProfileTests.debug.xcconfig"; sourceTree = "<group>"; };
		AF3F79072B998A265CA58EB7 /* Pods-UserProfile.debug.xcconfig */ = {isa = PBXFileReference; includeInIndex = 1; lastKnownFileType = text.xcconfig; name = "Pods-UserProfile.debug.xcconfig"; path = "Target Support Files/Pods-UserProfile/Pods-UserProfile.debug.xcconfig"; sourceTree = "<group>"; };
		CA727148900B0AF866E74C23 /* Pods_UserProfile_UserProfileUITests.framework */ = {isa = PBXFileReference; explicitFileType = wrapper.framework; includeInIndex = 0; path = Pods_UserProfile_UserProfileUITests.framework; sourceTree = BUILT_PRODUCTS_DIR; };
		F54D1DDFE97417EACA01D7B3 /* Pods_UserProfile.framework */ = {isa = PBXFileReference; explicitFileType = wrapper.framework; includeInIndex = 0; path = Pods_UserProfile.framework; sourceTree = BUILT_PRODUCTS_DIR; };
/* End PBXFileReference section */

/* Begin PBXFrameworksBuildPhase section */
		4261B1C2261AEF8200A35EFE /* Frameworks */ = {
			isa = PBXFrameworksBuildPhase;
			buildActionMask = 2147483647;
			files = (
				B3363F5CDAF59602CED573E8 /* Pods_UserProfile.framework in Frameworks */,
			);
			runOnlyForDeploymentPostprocessing = 0;
		};
		4261B1D8261AEF8300A35EFE /* Frameworks */ = {
			isa = PBXFrameworksBuildPhase;
			buildActionMask = 2147483647;
			files = (
				F00AFACD2DED342CCE6C9A81 /* Pods_UserProfileTests.framework in Frameworks */,
			);
			runOnlyForDeploymentPostprocessing = 0;
		};
		4261B1E3261AEF8300A35EFE /* Frameworks */ = {
			isa = PBXFrameworksBuildPhase;
			buildActionMask = 2147483647;
			files = (
				7FC2C57999A387B98E61CCA7 /* Pods_UserProfile_UserProfileUITests.framework in Frameworks */,
			);
			runOnlyForDeploymentPostprocessing = 0;
		};
/* End PBXFrameworksBuildPhase section */

/* Begin PBXGroup section */
		2F87C698497D6D7A85147A86 /* Pods */ = {
			isa = PBXGroup;
			children = (
				AF3F79072B998A265CA58EB7 /* Pods-UserProfile.debug.xcconfig */,
				55C7B59EC8AD0A6C5BD2C8A2 /* Pods-UserProfile.release.xcconfig */,
				8C96C6BBA460BCAF6FC44FC1 /* Pods-UserProfile-UserProfileUITests.debug.xcconfig */,
				077D4C2EC314755E2A265174 /* Pods-UserProfile-UserProfileUITests.release.xcconfig */,
				A51B8265199DB2E99194B359 /* Pods-UserProfileTests.debug.xcconfig */,
				89FAFEE46A9A9013D793D13B /* Pods-UserProfileTests.release.xcconfig */,
			);
			path = Pods;
			sourceTree = "<group>";
		};
		4261B1BC261AEF8200A35EFE = {
			isa = PBXGroup;
			children = (
				4261B1C7261AEF8200A35EFE /* UserProfile */,
				4261B1DE261AEF8300A35EFE /* UserProfileTests */,
				4261B1E9261AEF8300A35EFE /* UserProfileUITests */,
				4261B1C6261AEF8200A35EFE /* Products */,
				2F87C698497D6D7A85147A86 /* Pods */,
				745A4FD59302881209F064A2 /* Frameworks */,
			);
			sourceTree = "<group>";
		};
		4261B1C6261AEF8200A35EFE /* Products */ = {
			isa = PBXGroup;
			children = (
				4261B1C5261AEF8200A35EFE /* UserProfile.app */,
				4261B1DB261AEF8300A35EFE /* UserProfileTests.xctest */,
				4261B1E6261AEF8300A35EFE /* UserProfileUITests.xctest */,
			);
			name = Products;
			sourceTree = "<group>";
		};
		4261B1C7261AEF8200A35EFE /* UserProfile */ = {
			isa = PBXGroup;
			children = (
				4261B21D261B014B00A35EFE /* Coordinator */,
				4261B21C261B014200A35EFE /* Domain */,
				4261B21E261B015500A35EFE /* Platform */,
				4261B22C261B0CE000A35EFE /* Scene */,
				4261B1C8261AEF8200A35EFE /* AppDelegate.swift */,
				4261B1CA261AEF8200A35EFE /* SceneDelegate.swift */,
				4261B1CE261AEF8200A35EFE /* Main.storyboard */,
				4261B1D1261AEF8200A35EFE /* Assets.xcassets */,
				4261B1D3261AEF8200A35EFE /* LaunchScreen.storyboard */,
				4261B1D6261AEF8200A35EFE /* Info.plist */,
			);
			path = UserProfile;
			sourceTree = "<group>";
		};
		4261B1DE261AEF8300A35EFE /* UserProfileTests */ = {
			isa = PBXGroup;
			children = (
				4261B1DF261AEF8300A35EFE /* UserProfileTests.swift */,
				4261B1E1261AEF8300A35EFE /* Info.plist */,
			);
			path = UserProfileTests;
			sourceTree = "<group>";
		};
		4261B1E9261AEF8300A35EFE /* UserProfileUITests */ = {
			isa = PBXGroup;
			children = (
				4261B1EA261AEF8300A35EFE /* UserProfileUITests.swift */,
				4261B1EC261AEF8300A35EFE /* Info.plist */,
			);
			path = UserProfileUITests;
			sourceTree = "<group>";
		};
		4261B21C261B014200A35EFE /* Domain */ = {
			isa = PBXGroup;
			children = (
				4261B241261B16A300A35EFE /* Entity */,
				4261B24A261B1B5200A35EFE /* Provider */,
				4261B24B261B1B5800A35EFE /* UseCase */,
			);
			path = Domain;
			sourceTree = "<group>";
		};
		4261B21D261B014B00A35EFE /* Coordinator */ = {
			isa = PBXGroup;
			children = (
				4261B258261B1CCF00A35EFE /* SceneProtocol.swift */,
				42AE4145261F1B41007F7970 /* Coordinator.swift */,
			);
			path = Coordinator;
			sourceTree = "<group>";
		};
		4261B21E261B015500A35EFE /* Platform */ = {
			isa = PBXGroup;
			children = (
				4261B24D261B1B7200A35EFE /* Provider */,
				4261B24C261B1B6B00A35EFE /* UseCase */,
				4261B21F261B017600A35EFE /* Repository */,
			);
			path = Platform;
			sourceTree = "<group>";
		};
		4261B21F261B017600A35EFE /* Repository */ = {
			isa = PBXGroup;
			children = (
				42AE412B261F063C007F7970 /* Constant */,
				4261B220261B018B00A35EFE /* Network */,
				42970B93261D70F4007369FD /* TableCell */,
				42D5F00B261CC23B00BE53C0 /* Util */,
			);
			path = Repository;
			sourceTree = "<group>";
		};
		4261B220261B018B00A35EFE /* Network */ = {
			isa = PBXGroup;
			children = (
				4261B22D261B0D8100A35EFE /* Networkable.swift */,
				4261B232261B0F5200A35EFE /* Requestable.swift */,
			);
			path = Network;
			sourceTree = "<group>";
		};
		4261B22C261B0CE000A35EFE /* Scene */ = {
			isa = PBXGroup;
			children = (
				4261B263261B241300A35EFE /* BaseViewController.swift */,
				4261B250261B1C6200A35EFE /* AppScene.swift */,
				42970BC4261DA5AE007369FD /* AppMaker.swift */,
				4261B24E261B1BF600A35EFE /* Profile */,
				4261B24F261B1C1900A35EFE /* CommitList */,
			);
			path = Scene;
			sourceTree = "<group>";
		};
		4261B241261B16A300A35EFE /* Entity */ = {
			isa = PBXGroup;
			children = (
				4261B268261B283D00A35EFE /* Profile.swift */,
				4261B270261B29B100A35EFE /* Repositories.swift */,
			);
			path = Entity;
			sourceTree = "<group>";
		};
		4261B24A261B1B5200A35EFE /* Provider */ = {
			isa = PBXGroup;
			children = (
				42970BAE261D99F4007369FD /* ProfileUseCaseProviderDomain.swift */,
			);
			path = Provider;
			sourceTree = "<group>";
		};
		4261B24B261B1B5800A35EFE /* UseCase */ = {
			isa = PBXGroup;
			children = (
				4261B275261CB33E00A35EFE /* ProfileUseCaseDomain.swift */,
			);
			path = UseCase;
			sourceTree = "<group>";
		};
		4261B24C261B1B6B00A35EFE /* UseCase */ = {
			isa = PBXGroup;
			children = (
				4261B281261CB59800A35EFE /* ProfileUseCase.swift */,
			);
			path = UseCase;
			sourceTree = "<group>";
		};
		4261B24D261B1B7200A35EFE /* Provider */ = {
			isa = PBXGroup;
			children = (
				42970BB3261D9A77007369FD /* ProfileUseCaseProvider.swift */,
			);
			path = Provider;
			sourceTree = "<group>";
		};
		4261B24E261B1BF600A35EFE /* Profile */ = {
			isa = PBXGroup;
			children = (
				42970B73261D67AC007369FD /* ProfileViewController.swift */,
				42970B6E261D6420007369FD /* ProfileViewModel.swift */,
				42970B94261D7199007369FD /* RepositoryCell.swift */,
				42970B9B261D7214007369FD /* RepositoryViewModel.swift */,
				42AE4126261EDFB0007F7970 /* ProfileInfoViewModel.swift */,
			);
			path = Profile;
			sourceTree = "<group>";
		};
		4261B24F261B1C1900A35EFE /* CommitList */ = {
			isa = PBXGroup;
			children = (
			);
			path = CommitList;
			sourceTree = "<group>";
		};
		42970B93261D70F4007369FD /* TableCell */ = {
			isa = PBXGroup;
			children = (
				42970B95261D7199007369FD /* RepositoryCell.xib */,
			);
			path = TableCell;
			sourceTree = "<group>";
		};
		42AE412B261F063C007F7970 /* Constant */ = {
			isa = PBXGroup;
			children = (
				42AE412C261F0666007F7970 /* Storyboard.swift */,
				42AE4131261F068A007F7970 /* TableViews.swift */,
				42AE4136261F06A7007F7970 /* ViewControllers.swift */,
				42AE413B261F06B5007F7970 /* Views.swift */,
			);
			path = Constant;
			sourceTree = "<group>";
		};
		42D5F00B261CC23B00BE53C0 /* Util */ = {
			isa = PBXGroup;
			children = (
				42970BA0261D75C8007369FD /* NumberFormatter.swift */,
				42D5F00C261CC25A00BE53C0 /* UIImageView+Extension.swift */,
				42AE4140261F1AC1007F7970 /* UIViewController+Extension.swift */,
			);
			path = Util;
			sourceTree = "<group>";
		};
		745A4FD59302881209F064A2 /* Frameworks */ = {
			isa = PBXGroup;
			children = (
				F54D1DDFE97417EACA01D7B3 /* Pods_UserProfile.framework */,
				CA727148900B0AF866E74C23 /* Pods_UserProfile_UserProfileUITests.framework */,
				9BED7D5EC07D4779170D3E7C /* Pods_UserProfileTests.framework */,
			);
			name = Frameworks;
			sourceTree = "<group>";
		};
/* End PBXGroup section */

/* Begin PBXNativeTarget section */
		4261B1C4261AEF8200A35EFE /* UserProfile */ = {
			isa = PBXNativeTarget;
			buildConfigurationList = 4261B1EF261AEF8300A35EFE /* Build configuration list for PBXNativeTarget "UserProfile" */;
			buildPhases = (
				8A3A91558F0D5BC93825EEF4 /* [CP] Check Pods Manifest.lock */,
				4261B1C1261AEF8200A35EFE /* Sources */,
				4261B1C2261AEF8200A35EFE /* Frameworks */,
				4261B1C3261AEF8200A35EFE /* Resources */,
				0E8BE2AB49AF7F5CC089984A /* [CP] Embed Pods Frameworks */,
			);
			buildRules = (
			);
			dependencies = (
			);
			name = UserProfile;
			productName = UserProfile;
			productReference = 4261B1C5261AEF8200A35EFE /* UserProfile.app */;
			productType = "com.apple.product-type.application";
		};
		4261B1DA261AEF8300A35EFE /* UserProfileTests */ = {
			isa = PBXNativeTarget;
			buildConfigurationList = 4261B1F2261AEF8300A35EFE /* Build configuration list for PBXNativeTarget "UserProfileTests" */;
			buildPhases = (
				1E0498D8E76D3CE3F1F56E6A /* [CP] Check Pods Manifest.lock */,
				4261B1D7261AEF8300A35EFE /* Sources */,
				4261B1D8261AEF8300A35EFE /* Frameworks */,
				4261B1D9261AEF8300A35EFE /* Resources */,
			);
			buildRules = (
			);
			dependencies = (
				4261B1DD261AEF8300A35EFE /* PBXTargetDependency */,
			);
			name = UserProfileTests;
			productName = UserProfileTests;
			productReference = 4261B1DB261AEF8300A35EFE /* UserProfileTests.xctest */;
			productType = "com.apple.product-type.bundle.unit-test";
		};
		4261B1E5261AEF8300A35EFE /* UserProfileUITests */ = {
			isa = PBXNativeTarget;
			buildConfigurationList = 4261B1F5261AEF8300A35EFE /* Build configuration list for PBXNativeTarget "UserProfileUITests" */;
			buildPhases = (
				BF2FD6228AFCD1FBD15F2B59 /* [CP] Check Pods Manifest.lock */,
				4261B1E2261AEF8300A35EFE /* Sources */,
				4261B1E3261AEF8300A35EFE /* Frameworks */,
				4261B1E4261AEF8300A35EFE /* Resources */,
				B6BABB73DD5EC2BDE3E10CB1 /* [CP] Embed Pods Frameworks */,
			);
			buildRules = (
			);
			dependencies = (
				4261B1E8261AEF8300A35EFE /* PBXTargetDependency */,
			);
			name = UserProfileUITests;
			productName = UserProfileUITests;
			productReference = 4261B1E6261AEF8300A35EFE /* UserProfileUITests.xctest */;
			productType = "com.apple.product-type.bundle.ui-testing";
		};
/* End PBXNativeTarget section */

/* Begin PBXProject section */
		4261B1BD261AEF8200A35EFE /* Project object */ = {
			isa = PBXProject;
			attributes = {
				LastSwiftUpdateCheck = 1240;
				LastUpgradeCheck = 1240;
				TargetAttributes = {
					4261B1C4261AEF8200A35EFE = {
						CreatedOnToolsVersion = 12.4;
					};
					4261B1DA261AEF8300A35EFE = {
						CreatedOnToolsVersion = 12.4;
						TestTargetID = 4261B1C4261AEF8200A35EFE;
					};
					4261B1E5261AEF8300A35EFE = {
						CreatedOnToolsVersion = 12.4;
						TestTargetID = 4261B1C4261AEF8200A35EFE;
					};
				};
			};
			buildConfigurationList = 4261B1C0261AEF8200A35EFE /* Build configuration list for PBXProject "UserProfile" */;
			compatibilityVersion = "Xcode 9.3";
			developmentRegion = en;
			hasScannedForEncodings = 0;
			knownRegions = (
				en,
				Base,
			);
			mainGroup = 4261B1BC261AEF8200A35EFE;
			productRefGroup = 4261B1C6261AEF8200A35EFE /* Products */;
			projectDirPath = "";
			projectRoot = "";
			targets = (
				4261B1C4261AEF8200A35EFE /* UserProfile */,
				4261B1DA261AEF8300A35EFE /* UserProfileTests */,
				4261B1E5261AEF8300A35EFE /* UserProfileUITests */,
			);
		};
/* End PBXProject section */

/* Begin PBXResourcesBuildPhase section */
		4261B1C3261AEF8200A35EFE /* Resources */ = {
			isa = PBXResourcesBuildPhase;
			buildActionMask = 2147483647;
			files = (
				4261B1D5261AEF8200A35EFE /* LaunchScreen.storyboard in Resources */,
				4261B1D2261AEF8200A35EFE /* Assets.xcassets in Resources */,
				4261B1D0261AEF8200A35EFE /* Main.storyboard in Resources */,
				42970B97261D7199007369FD /* RepositoryCell.xib in Resources */,
			);
			runOnlyForDeploymentPostprocessing = 0;
		};
		4261B1D9261AEF8300A35EFE /* Resources */ = {
			isa = PBXResourcesBuildPhase;
			buildActionMask = 2147483647;
			files = (
			);
			runOnlyForDeploymentPostprocessing = 0;
		};
		4261B1E4261AEF8300A35EFE /* Resources */ = {
			isa = PBXResourcesBuildPhase;
			buildActionMask = 2147483647;
			files = (
			);
			runOnlyForDeploymentPostprocessing = 0;
		};
/* End PBXResourcesBuildPhase section */

/* Begin PBXShellScriptBuildPhase section */
		0E8BE2AB49AF7F5CC089984A /* [CP] Embed Pods Frameworks */ = {
			isa = PBXShellScriptBuildPhase;
			buildActionMask = 2147483647;
			files = (
			);
			inputFileListPaths = (
				"${PODS_ROOT}/Target Support Files/Pods-UserProfile/Pods-UserProfile-frameworks-${CONFIGURATION}-input-files.xcfilelist",
			);
			name = "[CP] Embed Pods Frameworks";
			outputFileListPaths = (
				"${PODS_ROOT}/Target Support Files/Pods-UserProfile/Pods-UserProfile-frameworks-${CONFIGURATION}-output-files.xcfilelist",
			);
			runOnlyForDeploymentPostprocessing = 0;
			shellPath = /bin/sh;
			shellScript = "\"${PODS_ROOT}/Target Support Files/Pods-UserProfile/Pods-UserProfile-frameworks.sh\"\n";
			showEnvVarsInLog = 0;
		};
		1E0498D8E76D3CE3F1F56E6A /* [CP] Check Pods Manifest.lock */ = {
			isa = PBXShellScriptBuildPhase;
			buildActionMask = 2147483647;
			files = (
			);
			inputFileListPaths = (
			);
			inputPaths = (
				"${PODS_PODFILE_DIR_PATH}/Podfile.lock",
				"${PODS_ROOT}/Manifest.lock",
			);
			name = "[CP] Check Pods Manifest.lock";
			outputFileListPaths = (
			);
			outputPaths = (
				"$(DERIVED_FILE_DIR)/Pods-UserProfileTests-checkManifestLockResult.txt",
			);
			runOnlyForDeploymentPostprocessing = 0;
			shellPath = /bin/sh;
			shellScript = "diff \"${PODS_PODFILE_DIR_PATH}/Podfile.lock\" \"${PODS_ROOT}/Manifest.lock\" > /dev/null\nif [ $? != 0 ] ; then\n    # print error to STDERR\n    echo \"error: The sandbox is not in sync with the Podfile.lock. Run 'pod install' or update your CocoaPods installation.\" >&2\n    exit 1\nfi\n# This output is used by Xcode 'outputs' to avoid re-running this script phase.\necho \"SUCCESS\" > \"${SCRIPT_OUTPUT_FILE_0}\"\n";
			showEnvVarsInLog = 0;
		};
		8A3A91558F0D5BC93825EEF4 /* [CP] Check Pods Manifest.lock */ = {
			isa = PBXShellScriptBuildPhase;
			buildActionMask = 2147483647;
			files = (
			);
			inputFileListPaths = (
			);
			inputPaths = (
				"${PODS_PODFILE_DIR_PATH}/Podfile.lock",
				"${PODS_ROOT}/Manifest.lock",
			);
			name = "[CP] Check Pods Manifest.lock";
			outputFileListPaths = (
			);
			outputPaths = (
				"$(DERIVED_FILE_DIR)/Pods-UserProfile-checkManifestLockResult.txt",
			);
			runOnlyForDeploymentPostprocessing = 0;
			shellPath = /bin/sh;
			shellScript = "diff \"${PODS_PODFILE_DIR_PATH}/Podfile.lock\" \"${PODS_ROOT}/Manifest.lock\" > /dev/null\nif [ $? != 0 ] ; then\n    # print error to STDERR\n    echo \"error: The sandbox is not in sync with the Podfile.lock. Run 'pod install' or update your CocoaPods installation.\" >&2\n    exit 1\nfi\n# This output is used by Xcode 'outputs' to avoid re-running this script phase.\necho \"SUCCESS\" > \"${SCRIPT_OUTPUT_FILE_0}\"\n";
			showEnvVarsInLog = 0;
		};
		B6BABB73DD5EC2BDE3E10CB1 /* [CP] Embed Pods Frameworks */ = {
			isa = PBXShellScriptBuildPhase;
			buildActionMask = 2147483647;
			files = (
			);
			inputFileListPaths = (
				"${PODS_ROOT}/Target Support Files/Pods-UserProfile-UserProfileUITests/Pods-UserProfile-UserProfileUITests-frameworks-${CONFIGURATION}-input-files.xcfilelist",
			);
			name = "[CP] Embed Pods Frameworks";
			outputFileListPaths = (
				"${PODS_ROOT}/Target Support Files/Pods-UserProfile-UserProfileUITests/Pods-UserProfile-UserProfileUITests-frameworks-${CONFIGURATION}-output-files.xcfilelist",
			);
			runOnlyForDeploymentPostprocessing = 0;
			shellPath = /bin/sh;
			shellScript = "\"${PODS_ROOT}/Target Support Files/Pods-UserProfile-UserProfileUITests/Pods-UserProfile-UserProfileUITests-frameworks.sh\"\n";
			showEnvVarsInLog = 0;
		};
		BF2FD6228AFCD1FBD15F2B59 /* [CP] Check Pods Manifest.lock */ = {
			isa = PBXShellScriptBuildPhase;
			buildActionMask = 2147483647;
			files = (
			);
			inputFileListPaths = (
			);
			inputPaths = (
				"${PODS_PODFILE_DIR_PATH}/Podfile.lock",
				"${PODS_ROOT}/Manifest.lock",
			);
			name = "[CP] Check Pods Manifest.lock";
			outputFileListPaths = (
			);
			outputPaths = (
				"$(DERIVED_FILE_DIR)/Pods-UserProfile-UserProfileUITests-checkManifestLockResult.txt",
			);
			runOnlyForDeploymentPostprocessing = 0;
			shellPath = /bin/sh;
			shellScript = "diff \"${PODS_PODFILE_DIR_PATH}/Podfile.lock\" \"${PODS_ROOT}/Manifest.lock\" > /dev/null\nif [ $? != 0 ] ; then\n    # print error to STDERR\n    echo \"error: The sandbox is not in sync with the Podfile.lock. Run 'pod install' or update your CocoaPods installation.\" >&2\n    exit 1\nfi\n# This output is used by Xcode 'outputs' to avoid re-running this script phase.\necho \"SUCCESS\" > \"${SCRIPT_OUTPUT_FILE_0}\"\n";
			showEnvVarsInLog = 0;
		};
/* End PBXShellScriptBuildPhase section */

/* Begin PBXSourcesBuildPhase section */
		4261B1C1261AEF8200A35EFE /* Sources */ = {
			isa = PBXSourcesBuildPhase;
			buildActionMask = 2147483647;
			files = (
				42970B9C261D7214007369FD /* RepositoryViewModel.swift in Sources */,
				42AE4127261EDFB0007F7970 /* ProfileInfoViewModel.swift in Sources */,
				42AE4137261F06A7007F7970 /* ViewControllers.swift in Sources */,
				42970B96261D7199007369FD /* RepositoryCell.swift in Sources */,
				4261B233261B0F5200A35EFE /* Requestable.swift in Sources */,
				4261B282261CB59800A35EFE /* ProfileUseCase.swift in Sources */,
				42AE4132261F068A007F7970 /* TableViews.swift in Sources */,
				42970BAF261D99F4007369FD /* ProfileUseCaseProviderDomain.swift in Sources */,
				42AE4146261F1B41007F7970 /* Coordinator.swift in Sources */,
				42970BA1261D75C8007369FD /* NumberFormatter.swift in Sources */,
				4261B271261B29B100A35EFE /* Repositories.swift in Sources */,
				4261B276261CB33E00A35EFE /* ProfileUseCaseDomain.swift in Sources */,
				42970B74261D67AC007369FD /* ProfileViewController.swift in Sources */,
				4261B1C9261AEF8200A35EFE /* AppDelegate.swift in Sources */,
				42970BC5261DA5AE007369FD /* AppMaker.swift in Sources */,
				42AE4141261F1AC1007F7970 /* UIViewController+Extension.swift in Sources */,
				42AE412D261F0666007F7970 /* Storyboard.swift in Sources */,
				4261B22E261B0D8100A35EFE /* Networkable.swift in Sources */,
				42D5F00D261CC25A00BE53C0 /* UIImageView+Extension.swift in Sources */,
				4261B259261B1CCF00A35EFE /* SceneProtocol.swift in Sources */,
				42AE413C261F06B5007F7970 /* Views.swift in Sources */,
				4261B251261B1C6200A35EFE /* AppScene.swift in Sources */,
				42970BB4261D9A77007369FD /* ProfileUseCaseProvider.swift in Sources */,
				4261B264261B241300A35EFE /* BaseViewController.swift in Sources */,
				42970B6F261D6420007369FD /* ProfileViewModel.swift in Sources */,
				4261B1CB261AEF8200A35EFE /* SceneDelegate.swift in Sources */,
				4261B269261B283D00A35EFE /* Profile.swift in Sources */,
			);
			runOnlyForDeploymentPostprocessing = 0;
		};
		4261B1D7261AEF8300A35EFE /* Sources */ = {
			isa = PBXSourcesBuildPhase;
			buildActionMask = 2147483647;
			files = (
				4261B1E0261AEF8300A35EFE /* UserProfileTests.swift in Sources */,
			);
			runOnlyForDeploymentPostprocessing = 0;
		};
		4261B1E2261AEF8300A35EFE /* Sources */ = {
			isa = PBXSourcesBuildPhase;
			buildActionMask = 2147483647;
			files = (
				4261B1EB261AEF8300A35EFE /* UserProfileUITests.swift in Sources */,
			);
			runOnlyForDeploymentPostprocessing = 0;
		};
/* End PBXSourcesBuildPhase section */

/* Begin PBXTargetDependency section */
		4261B1DD261AEF8300A35EFE /* PBXTargetDependency */ = {
			isa = PBXTargetDependency;
			target = 4261B1C4261AEF8200A35EFE /* UserProfile */;
			targetProxy = 4261B1DC261AEF8300A35EFE /* PBXContainerItemProxy */;
		};
		4261B1E8261AEF8300A35EFE /* PBXTargetDependency */ = {
			isa = PBXTargetDependency;
			target = 4261B1C4261AEF8200A35EFE /* UserProfile */;
			targetProxy = 4261B1E7261AEF8300A35EFE /* PBXContainerItemProxy */;
		};
/* End PBXTargetDependency section */

/* Begin PBXVariantGroup section */
		4261B1CE261AEF8200A35EFE /* Main.storyboard */ = {
			isa = PBXVariantGroup;
			children = (
				4261B1CF261AEF8200A35EFE /* Base */,
			);
			name = Main.storyboard;
			sourceTree = "<group>";
		};
		4261B1D3261AEF8200A35EFE /* LaunchScreen.storyboard */ = {
			isa = PBXVariantGroup;
			children = (
				4261B1D4261AEF8200A35EFE /* Base */,
			);
			name = LaunchScreen.storyboard;
			sourceTree = "<group>";
		};
/* End PBXVariantGroup section */

/* Begin XCBuildConfiguration section */
		4261B1ED261AEF8300A35EFE /* Debug */ = {
			isa = XCBuildConfiguration;
			buildSettings = {
				ALWAYS_SEARCH_USER_PATHS = NO;
				CLANG_ANALYZER_NONNULL = YES;
				CLANG_ANALYZER_NUMBER_OBJECT_CONVERSION = YES_AGGRESSIVE;
				CLANG_CXX_LANGUAGE_STANDARD = "gnu++14";
				CLANG_CXX_LIBRARY = "libc++";
				CLANG_ENABLE_MODULES = YES;
				CLANG_ENABLE_OBJC_ARC = YES;
				CLANG_ENABLE_OBJC_WEAK = YES;
				CLANG_WARN_BLOCK_CAPTURE_AUTORELEASING = YES;
				CLANG_WARN_BOOL_CONVERSION = YES;
				CLANG_WARN_COMMA = YES;
				CLANG_WARN_CONSTANT_CONVERSION = YES;
				CLANG_WARN_DEPRECATED_OBJC_IMPLEMENTATIONS = YES;
				CLANG_WARN_DIRECT_OBJC_ISA_USAGE = YES_ERROR;
				CLANG_WARN_DOCUMENTATION_COMMENTS = YES;
				CLANG_WARN_EMPTY_BODY = YES;
				CLANG_WARN_ENUM_CONVERSION = YES;
				CLANG_WARN_INFINITE_RECURSION = YES;
				CLANG_WARN_INT_CONVERSION = YES;
				CLANG_WARN_NON_LITERAL_NULL_CONVERSION = YES;
				CLANG_WARN_OBJC_IMPLICIT_RETAIN_SELF = YES;
				CLANG_WARN_OBJC_LITERAL_CONVERSION = YES;
				CLANG_WARN_OBJC_ROOT_CLASS = YES_ERROR;
				CLANG_WARN_QUOTED_INCLUDE_IN_FRAMEWORK_HEADER = YES;
				CLANG_WARN_RANGE_LOOP_ANALYSIS = YES;
				CLANG_WARN_STRICT_PROTOTYPES = YES;
				CLANG_WARN_SUSPICIOUS_MOVE = YES;
				CLANG_WARN_UNGUARDED_AVAILABILITY = YES_AGGRESSIVE;
				CLANG_WARN_UNREACHABLE_CODE = YES;
				CLANG_WARN__DUPLICATE_METHOD_MATCH = YES;
				COPY_PHASE_STRIP = NO;
				DEBUG_INFORMATION_FORMAT = dwarf;
				ENABLE_STRICT_OBJC_MSGSEND = YES;
				ENABLE_TESTABILITY = YES;
				GCC_C_LANGUAGE_STANDARD = gnu11;
				GCC_DYNAMIC_NO_PIC = NO;
				GCC_NO_COMMON_BLOCKS = YES;
				GCC_OPTIMIZATION_LEVEL = 0;
				GCC_PREPROCESSOR_DEFINITIONS = (
					"DEBUG=1",
					"$(inherited)",
				);
				GCC_WARN_64_TO_32_BIT_CONVERSION = YES;
				GCC_WARN_ABOUT_RETURN_TYPE = YES_ERROR;
				GCC_WARN_UNDECLARED_SELECTOR = YES;
				GCC_WARN_UNINITIALIZED_AUTOS = YES_AGGRESSIVE;
				GCC_WARN_UNUSED_FUNCTION = YES;
				GCC_WARN_UNUSED_VARIABLE = YES;
				IPHONEOS_DEPLOYMENT_TARGET = 14.4;
				MTL_ENABLE_DEBUG_INFO = INCLUDE_SOURCE;
				MTL_FAST_MATH = YES;
				ONLY_ACTIVE_ARCH = YES;
				SDKROOT = iphoneos;
				SWIFT_ACTIVE_COMPILATION_CONDITIONS = DEBUG;
				SWIFT_OPTIMIZATION_LEVEL = "-Onone";
			};
			name = Debug;
		};
		4261B1EE261AEF8300A35EFE /* Release */ = {
			isa = XCBuildConfiguration;
			buildSettings = {
				ALWAYS_SEARCH_USER_PATHS = NO;
				CLANG_ANALYZER_NONNULL = YES;
				CLANG_ANALYZER_NUMBER_OBJECT_CONVERSION = YES_AGGRESSIVE;
				CLANG_CXX_LANGUAGE_STANDARD = "gnu++14";
				CLANG_CXX_LIBRARY = "libc++";
				CLANG_ENABLE_MODULES = YES;
				CLANG_ENABLE_OBJC_ARC = YES;
				CLANG_ENABLE_OBJC_WEAK = YES;
				CLANG_WARN_BLOCK_CAPTURE_AUTORELEASING = YES;
				CLANG_WARN_BOOL_CONVERSION = YES;
				CLANG_WARN_COMMA = YES;
				CLANG_WARN_CONSTANT_CONVERSION = YES;
				CLANG_WARN_DEPRECATED_OBJC_IMPLEMENTATIONS = YES;
				CLANG_WARN_DIRECT_OBJC_ISA_USAGE = YES_ERROR;
				CLANG_WARN_DOCUMENTATION_COMMENTS = YES;
				CLANG_WARN_EMPTY_BODY = YES;
				CLANG_WARN_ENUM_CONVERSION = YES;
				CLANG_WARN_INFINITE_RECURSION = YES;
				CLANG_WARN_INT_CONVERSION = YES;
				CLANG_WARN_NON_LITERAL_NULL_CONVERSION = YES;
				CLANG_WARN_OBJC_IMPLICIT_RETAIN_SELF = YES;
				CLANG_WARN_OBJC_LITERAL_CONVERSION = YES;
				CLANG_WARN_OBJC_ROOT_CLASS = YES_ERROR;
				CLANG_WARN_QUOTED_INCLUDE_IN_FRAMEWORK_HEADER = YES;
				CLANG_WARN_RANGE_LOOP_ANALYSIS = YES;
				CLANG_WARN_STRICT_PROTOTYPES = YES;
				CLANG_WARN_SUSPICIOUS_MOVE = YES;
				CLANG_WARN_UNGUARDED_AVAILABILITY = YES_AGGRESSIVE;
				CLANG_WARN_UNREACHABLE_CODE = YES;
				CLANG_WARN__DUPLICATE_METHOD_MATCH = YES;
				COPY_PHASE_STRIP = NO;
				DEBUG_INFORMATION_FORMAT = "dwarf-with-dsym";
				ENABLE_NS_ASSERTIONS = NO;
				ENABLE_STRICT_OBJC_MSGSEND = YES;
				GCC_C_LANGUAGE_STANDARD = gnu11;
				GCC_NO_COMMON_BLOCKS = YES;
				GCC_WARN_64_TO_32_BIT_CONVERSION = YES;
				GCC_WARN_ABOUT_RETURN_TYPE = YES_ERROR;
				GCC_WARN_UNDECLARED_SELECTOR = YES;
				GCC_WARN_UNINITIALIZED_AUTOS = YES_AGGRESSIVE;
				GCC_WARN_UNUSED_FUNCTION = YES;
				GCC_WARN_UNUSED_VARIABLE = YES;
				IPHONEOS_DEPLOYMENT_TARGET = 14.4;
				MTL_ENABLE_DEBUG_INFO = NO;
				MTL_FAST_MATH = YES;
				SDKROOT = iphoneos;
				SWIFT_COMPILATION_MODE = wholemodule;
				SWIFT_OPTIMIZATION_LEVEL = "-O";
				VALIDATE_PRODUCT = YES;
			};
			name = Release;
		};
		4261B1F0261AEF8300A35EFE /* Debug */ = {
			isa = XCBuildConfiguration;
			baseConfigurationReference = AF3F79072B998A265CA58EB7 /* Pods-UserProfile.debug.xcconfig */;
			buildSettings = {
				ASSETCATALOG_COMPILER_APPICON_NAME = AppIcon;
				ASSETCATALOG_COMPILER_GLOBAL_ACCENT_COLOR_NAME = AccentColor;
				CODE_SIGN_STYLE = Automatic;
				INFOPLIST_FILE = UserProfile/Info.plist;
				LD_RUNPATH_SEARCH_PATHS = (
					"$(inherited)",
					"@executable_path/Frameworks",
				);
				PRODUCT_BUNDLE_IDENTIFIER = thapakorn604.UserProfile;
				PRODUCT_NAME = "$(TARGET_NAME)";
				SWIFT_VERSION = 5.0;
				TARGETED_DEVICE_FAMILY = "1,2";
			};
			name = Debug;
		};
		4261B1F1261AEF8300A35EFE /* Release */ = {
			isa = XCBuildConfiguration;
			baseConfigurationReference = 55C7B59EC8AD0A6C5BD2C8A2 /* Pods-UserProfile.release.xcconfig */;
			buildSettings = {
				ASSETCATALOG_COMPILER_APPICON_NAME = AppIcon;
				ASSETCATALOG_COMPILER_GLOBAL_ACCENT_COLOR_NAME = AccentColor;
				CODE_SIGN_STYLE = Automatic;
				INFOPLIST_FILE = UserProfile/Info.plist;
				LD_RUNPATH_SEARCH_PATHS = (
					"$(inherited)",
					"@executable_path/Frameworks",
				);
				PRODUCT_BUNDLE_IDENTIFIER = thapakorn604.UserProfile;
				PRODUCT_NAME = "$(TARGET_NAME)";
				SWIFT_VERSION = 5.0;
				TARGETED_DEVICE_FAMILY = "1,2";
			};
			name = Release;
		};
		4261B1F3261AEF8300A35EFE /* Debug */ = {
			isa = XCBuildConfiguration;
			baseConfigurationReference = A51B8265199DB2E99194B359 /* Pods-UserProfileTests.debug.xcconfig */;
			buildSettings = {
				ALWAYS_EMBED_SWIFT_STANDARD_LIBRARIES = YES;
				BUNDLE_LOADER = "$(TEST_HOST)";
				CODE_SIGN_STYLE = Automatic;
				INFOPLIST_FILE = UserProfileTests/Info.plist;
				IPHONEOS_DEPLOYMENT_TARGET = 14.4;
				LD_RUNPATH_SEARCH_PATHS = (
					"$(inherited)",
					"@executable_path/Frameworks",
					"@loader_path/Frameworks",
				);
				PRODUCT_BUNDLE_IDENTIFIER = thapakorn604.UserProfileTests;
				PRODUCT_NAME = "$(TARGET_NAME)";
				SWIFT_VERSION = 5.0;
				TARGETED_DEVICE_FAMILY = "1,2";
				TEST_HOST = "$(BUILT_PRODUCTS_DIR)/UserProfile.app/UserProfile";
			};
			name = Debug;
		};
		4261B1F4261AEF8300A35EFE /* Release */ = {
			isa = XCBuildConfiguration;
			baseConfigurationReference = 89FAFEE46A9A9013D793D13B /* Pods-UserProfileTests.release.xcconfig */;
			buildSettings = {
				ALWAYS_EMBED_SWIFT_STANDARD_LIBRARIES = YES;
				BUNDLE_LOADER = "$(TEST_HOST)";
				CODE_SIGN_STYLE = Automatic;
				INFOPLIST_FILE = UserProfileTests/Info.plist;
				IPHONEOS_DEPLOYMENT_TARGET = 14.4;
				LD_RUNPATH_SEARCH_PATHS = (
					"$(inherited)",
					"@executable_path/Frameworks",
					"@loader_path/Frameworks",
				);
				PRODUCT_BUNDLE_IDENTIFIER = thapakorn604.UserProfileTests;
				PRODUCT_NAME = "$(TARGET_NAME)";
				SWIFT_VERSION = 5.0;
				TARGETED_DEVICE_FAMILY = "1,2";
				TEST_HOST = "$(BUILT_PRODUCTS_DIR)/UserProfile.app/UserProfile";
			};
			name = Release;
		};
		4261B1F6261AEF8300A35EFE /* Debug */ = {
			isa = XCBuildConfiguration;
			baseConfigurationReference = 8C96C6BBA460BCAF6FC44FC1 /* Pods-UserProfile-UserProfileUITests.debug.xcconfig */;
			buildSettings = {
				ALWAYS_EMBED_SWIFT_STANDARD_LIBRARIES = YES;
				CODE_SIGN_STYLE = Automatic;
				INFOPLIST_FILE = UserProfileUITests/Info.plist;
				LD_RUNPATH_SEARCH_PATHS = (
					"$(inherited)",
					"@executable_path/Frameworks",
					"@loader_path/Frameworks",
				);
				PRODUCT_BUNDLE_IDENTIFIER = thapakorn604.UserProfileUITests;
				PRODUCT_NAME = "$(TARGET_NAME)";
				SWIFT_VERSION = 5.0;
				TARGETED_DEVICE_FAMILY = "1,2";
				TEST_TARGET_NAME = UserProfile;
			};
			name = Debug;
		};
		4261B1F7261AEF8300A35EFE /* Release */ = {
			isa = XCBuildConfiguration;
			baseConfigurationReference = 077D4C2EC314755E2A265174 /* Pods-UserProfile-UserProfileUITests.release.xcconfig */;
			buildSettings = {
				ALWAYS_EMBED_SWIFT_STANDARD_LIBRARIES = YES;
				CODE_SIGN_STYLE = Automatic;
				INFOPLIST_FILE = UserProfileUITests/Info.plist;
				LD_RUNPATH_SEARCH_PATHS = (
					"$(inherited)",
					"@executable_path/Frameworks",
					"@loader_path/Frameworks",
				);
				PRODUCT_BUNDLE_IDENTIFIER = thapakorn604.UserProfileUITests;
				PRODUCT_NAME = "$(TARGET_NAME)";
				SWIFT_VERSION = 5.0;
				TARGETED_DEVICE_FAMILY = "1,2";
				TEST_TARGET_NAME = UserProfile;
			};
			name = Release;
		};
/* End XCBuildConfiguration section */

/* Begin XCConfigurationList section */
		4261B1C0261AEF8200A35EFE /* Build configuration list for PBXProject "UserProfile" */ = {
			isa = XCConfigurationList;
			buildConfigurations = (
				4261B1ED261AEF8300A35EFE /* Debug */,
				4261B1EE261AEF8300A35EFE /* Release */,
			);
			defaultConfigurationIsVisible = 0;
			defaultConfigurationName = Release;
		};
		4261B1EF261AEF8300A35EFE /* Build configuration list for PBXNativeTarget "UserProfile" */ = {
			isa = XCConfigurationList;
			buildConfigurations = (
				4261B1F0261AEF8300A35EFE /* Debug */,
				4261B1F1261AEF8300A35EFE /* Release */,
			);
			defaultConfigurationIsVisible = 0;
			defaultConfigurationName = Release;
		};
		4261B1F2261AEF8300A35EFE /* Build configuration list for PBXNativeTarget "UserProfileTests" */ = {
			isa = XCConfigurationList;
			buildConfigurations = (
				4261B1F3261AEF8300A35EFE /* Debug */,
				4261B1F4261AEF8300A35EFE /* Release */,
			);
			defaultConfigurationIsVisible = 0;
			defaultConfigurationName = Release;
		};
		4261B1F5261AEF8300A35EFE /* Build configuration list for PBXNativeTarget "UserProfileUITests" */ = {
			isa = XCConfigurationList;
			buildConfigurations = (
				4261B1F6261AEF8300A35EFE /* Debug */,
				4261B1F7261AEF8300A35EFE /* Release */,
			);
			defaultConfigurationIsVisible = 0;
			defaultConfigurationName = Release;
		};
/* End XCConfigurationList section */
	};
	rootObject = 4261B1BD261AEF8200A35EFE /* Project object */;
}
